{
  "lib/devtools": {
    "branch": {
      "name": "main",
      "rev": "7c5deacef0aa112a127d13040fdaea691e3e381d"
    }
  },
  "lib/forge-std": {
    "rev": "1eea5bae12ae557d589f9f0f0edae2faa47cb262"
  },
  "lib/layerzero-v1": {
    "branch": {
      "name": "main",
      "rev": "a1fb11a3b9c0ac449291816e71eacede4e36613e"
    }
  },
  "lib/layerzero-v2": {
    "branch": {
      "name": "main",
      "rev": "f0f4a5efd6fe41ba872f31ac9d9823b3ed6ecf02"
    }
  },
  "lib/openzeppelin-contracts": {
    "rev": "69c8def5f222ff96f2b5beff05dfba996368aa79"
  },
  "lib/openzeppelin-contracts-upgradeable": {
    "rev": "3d5fa5c24c411112bab47bec25cfa9ad0af0e6e8"
  },
  "lib/simple-lrt": {
    "branch": {
      "name": "multi-vault",
      "rev": "793b190d58f883ba1506ac2faa81ba20e2af33af"
    }
  },
  "lib/solidity-bytes-utils": {
    "rev": "e0115c4d231910df47ce3b60625ce562fe4af985"
  }
}